
Microsoft Visual Studio Solution File, Format Version 12.00
# Visual Studio Version 17
VisualStudioVersion = 17.4.33403.182
MinimumVisualStudioVersion = 10.0.40219.1
Project("{9A19103F-16F7-4668-BE54-9A1E7A4F7556}") = "UserStories", "UserStories.csproj", "{0A8C731C-87B7-49D6-B88A-B725BF0BA19F}"
EndProject
Project("{FAE04EC0-301F-11D3-BF4B-00C04F79EFBC}") = "UserStoriesTestReplacer", "..\Net7\UserStoriesTestReplacer\UserStoriesTestReplacer.csproj", "{95641A98-C515-4D06-A245-46ADCBB5F9FE}"
EndProject
Global
	GlobalSection(SolutionConfigurationPlatforms) = preSolution
		Debug|Any CPU = Debug|Any CPU
		Release|Any CPU = Release|Any CPU
	EndGlobalSection
	GlobalSection(ProjectConfigurationPlatforms) = postSolution
		{0A8C731C-87B7-49D6-B88A-B725BF0BA19F}.Debug|Any CPU.ActiveCfg = Debug|Any CPU
		{0A8C731C-87B7-49D6-B88A-B725BF0BA19F}.Debug|Any CPU.Build.0 = Debug|Any CPU
		{0A8C731C-87B7-49D6-B88A-B725BF0BA19F}.Release|Any CPU.ActiveCfg = Release|Any CPU
		{0A8C731C-87B7-49D6-B88A-B725BF0BA19F}.Release|Any CPU.Build.0 = Release|Any CPU
		{95641A98-C515-4D06-A245-46ADCBB5F9FE}.Debug|Any CPU.ActiveCfg = Debug|Any CPU
		{95641A98-C515-4D06-A245-46ADCBB5F9FE}.Debug|Any CPU.Build.0 = Debug|Any CPU
		{95641A98-C515-4D06-A245-46ADCBB5F9FE}.Release|Any CPU.ActiveCfg = Release|Any CPU
		{95641A98-C515-4D06-A245-46ADCBB5F9FE}.Release|Any CPU.Build.0 = Release|Any CPU
	EndGlobalSection
	GlobalSection(SolutionProperties) = preSolution
		HideSolutionNode = FALSE
	EndGlobalSection
	GlobalSection(ExtensibilityGlobals) = postSolution
		SolutionGuid = {13EE89B4-536E-472C-B781-F358F1E40202}
	EndGlobalSection
EndGlobal
